
Microsoft Visual Studio Solution File, Format Version 12.00
# Visual Studio 15
VisualStudioVersion = 15.0.27703.2047
MinimumVisualStudioVersion = 10.0.40219.1
Project("{9A19103F-16F7-4668-BE54-9A1E7A4F7556}") = "TryParser", "TryParser\TryParser.csproj", "{276CBD53-960D-4AE6-A11F-3A5B063C6122}"
EndProject
Project("{9A19103F-16F7-4668-BE54-9A1E7A4F7556}") = "ConsoleApp1", "ConsoleApp1\ConsoleApp1.csproj", "{ADB8F181-FE13-4649-AA26-B7DF3614E917}"
EndProject
Project("{FAE04EC0-301F-11D3-BF4B-00C04F79EFBC}") = "ConsoleApp2", "ConsoleApp2\ConsoleApp2.csproj", "{1B8B869B-18D1-41B5-8229-024EAF66C8EC}"
EndProject
Global
	GlobalSection(SolutionConfigurationPlatforms) = preSolution
		Debug|Any CPU = Debug|Any CPU
		Release|Any CPU = Release|Any CPU
	EndGlobalSection
	GlobalSection(ProjectConfigurationPlatforms) = postSolution
		{276CBD53-960D-4AE6-A11F-3A5B063C6122}.Debug|Any CPU.ActiveCfg = Debug|Any CPU
		{276CBD53-960D-4AE6-A11F-3A5B063C6122}.Debug|Any CPU.Build.0 = Debug|Any CPU
		{276CBD53-960D-4AE6-A11F-3A5B063C6122}.Release|Any CPU.ActiveCfg = Release|Any CPU
		{276CBD53-960D-4AE6-A11F-3A5B063C6122}.Release|Any CPU.Build.0 = Release|Any CPU
		{ADB8F181-FE13-4649-AA26-B7DF3614E917}.Debug|Any CPU.ActiveCfg = Debug|Any CPU
		{ADB8F181-FE13-4649-AA26-B7DF3614E917}.Debug|Any CPU.Build.0 = Debug|Any CPU
		{ADB8F181-FE13-4649-AA26-B7DF3614E917}.Release|Any CPU.ActiveCfg = Release|Any CPU
		{ADB8F181-FE13-4649-AA26-B7DF3614E917}.Release|Any CPU.Build.0 = Release|Any CPU
		{1B8B869B-18D1-41B5-8229-024EAF66C8EC}.Debug|Any CPU.ActiveCfg = Debug|Any CPU
		{1B8B869B-18D1-41B5-8229-024EAF66C8EC}.Debug|Any CPU.Build.0 = Debug|Any CPU
		{1B8B869B-18D1-41B5-8229-024EAF66C8EC}.Release|Any CPU.ActiveCfg = Release|Any CPU
		{1B8B869B-18D1-41B5-8229-024EAF66C8EC}.Release|Any CPU.Build.0 = Release|Any CPU
	EndGlobalSection
	GlobalSection(SolutionProperties) = preSolution
		HideSolutionNode = FALSE
	EndGlobalSection
	GlobalSection(ExtensibilityGlobals) = postSolution
		SolutionGuid = {F9E9D39C-F56B-4D78-89E0-477F2C068A9B}
	EndGlobalSection
EndGlobal
